
Microsoft Visual Studio Solution File, Format Version 12.00
# Visual Studio Version 16
VisualStudioVersion = 16.0.29926.136
MinimumVisualStudioVersion = 10.0.40219.1
Project("{2150E333-8FDC-42A3-9474-1A3956D46DE8}") = "MicroServices", "MicroServices", "{96525EB0-5502-4334-860C-E22CF610ABF8}"
EndProject
Project("{2150E333-8FDC-42A3-9474-1A3956D46DE8}") = "Domain", "Domain", "{BA4A6814-6A58-463F-8530-56DF5ED39233}"
EndProject
Project("{2150E333-8FDC-42A3-9474-1A3956D46DE8}") = "Infrastructure", "Infrastructure", "{E58923FD-66FF-49A3-AF2D-D96F3B806B81}"
EndProject
Project("{2150E333-8FDC-42A3-9474-1A3956D46DE8}") = "IoC", "IoC", "{C66100D5-7C81-4FE0-B25B-F20882B0981F}"
EndProject
Project("{2150E333-8FDC-42A3-9474-1A3956D46DE8}") = "Clients", "Clients", "{86FABC55-7CB9-4F80-B98D-265A8ECE6F4C}"
EndProject
Project("{9A19103F-16F7-4668-BE54-9A1E7A4F7556}") = "MicroRabbit.Domain.Core", "MicroRabbit.Domain.Core\MicroRabbit.Domain.Core.csproj", "{1AD4987D-B263-4133-9763-5FBCDBF6DF19}"
EndProject
Project("{9A19103F-16F7-4668-BE54-9A1E7A4F7556}") = "MicroRabbit.Infrastructure.Bus", "MicroRabbit.Infrastructure.Bus\MicroRabbit.Infrastructure.Bus.csproj", "{989C81A5-E4D8-41AB-B54C-2118B8A2372C}"
EndProject
Project("{FAE04EC0-301F-11D3-BF4B-00C04F79EFBC}") = "MicroRabbit.Infrastructure.IoC", "MicroRabbit.Infrastructure.IoC\MicroRabbit.Infrastructure.IoC.csproj", "{883EAF73-5803-4C06-B06B-452132A3A420}"
EndProject
Project("{2150E333-8FDC-42A3-9474-1A3956D46DE8}") = "Banking", "Banking", "{A96E455C-AA1C-4455-9323-0BA71D3802B9}"
EndProject
Project("{2150E333-8FDC-42A3-9474-1A3956D46DE8}") = "Api", "Api", "{C775E496-65D9-4D89-AD33-B27339C71FCD}"
EndProject
Project("{2150E333-8FDC-42A3-9474-1A3956D46DE8}") = "Application", "Application", "{A357A720-FBA4-4EC9-A00B-1B117F44CE2F}"
EndProject
Project("{2150E333-8FDC-42A3-9474-1A3956D46DE8}") = "Data", "Data", "{AB1F849C-EACA-4BC5-8EEE-33E7745C9641}"
EndProject
Project("{2150E333-8FDC-42A3-9474-1A3956D46DE8}") = "Domain", "Domain", "{B4294BBE-A4CD-4401-B885-22426FAA2487}"
EndProject
Project("{FAE04EC0-301F-11D3-BF4B-00C04F79EFBC}") = "MicroRabbit.Banking.API", "MicroRabbit.Banking.API\MicroRabbit.Banking.API.csproj", "{E6366EA2-9F10-4092-9A0D-C5285DC3FADB}"
EndProject
Project("{FAE04EC0-301F-11D3-BF4B-00C04F79EFBC}") = "MicroRabbit.Banking.Application", "MicroRabbit.Banking.Application\MicroRabbit.Banking.Application.csproj", "{71599688-5F9E-4947-82F1-467279593947}"
EndProject
Project("{FAE04EC0-301F-11D3-BF4B-00C04F79EFBC}") = "MicroRabbit.Banking.Data", "MicroRabbit.Banking.Data\MicroRabbit.Banking.Data.csproj", "{6044F65E-CC5D-42C5-A165-6B0C30632258}"
EndProject
Project("{FAE04EC0-301F-11D3-BF4B-00C04F79EFBC}") = "MicroRabbit.Banking.Domain", "MicroRabbit.Banking.Domain\MicroRabbit.Banking.Domain.csproj", "{FAFD18E2-FE65-48A0-AEF7-AB1165BCA4CE}"
EndProject
Global
	GlobalSection(SolutionConfigurationPlatforms) = preSolution
		Debug|Any CPU = Debug|Any CPU
		Release|Any CPU = Release|Any CPU
	EndGlobalSection
	GlobalSection(ProjectConfigurationPlatforms) = postSolution
		{1AD4987D-B263-4133-9763-5FBCDBF6DF19}.Debug|Any CPU.ActiveCfg = Debug|Any CPU
		{1AD4987D-B263-4133-9763-5FBCDBF6DF19}.Debug|Any CPU.Build.0 = Debug|Any CPU
		{1AD4987D-B263-4133-9763-5FBCDBF6DF19}.Release|Any CPU.ActiveCfg = Release|Any CPU
		{1AD4987D-B263-4133-9763-5FBCDBF6DF19}.Release|Any CPU.Build.0 = Release|Any CPU
		{989C81A5-E4D8-41AB-B54C-2118B8A2372C}.Debug|Any CPU.ActiveCfg = Debug|Any CPU
		{989C81A5-E4D8-41AB-B54C-2118B8A2372C}.Debug|Any CPU.Build.0 = Debug|Any CPU
		{989C81A5-E4D8-41AB-B54C-2118B8A2372C}.Release|Any CPU.ActiveCfg = Release|Any CPU
		{989C81A5-E4D8-41AB-B54C-2118B8A2372C}.Release|Any CPU.Build.0 = Release|Any CPU
		{883EAF73-5803-4C06-B06B-452132A3A420}.Debug|Any CPU.ActiveCfg = Debug|Any CPU
		{883EAF73-5803-4C06-B06B-452132A3A420}.Debug|Any CPU.Build.0 = Debug|Any CPU
		{883EAF73-5803-4C06-B06B-452132A3A420}.Release|Any CPU.ActiveCfg = Release|Any CPU
		{883EAF73-5803-4C06-B06B-452132A3A420}.Release|Any CPU.Build.0 = Release|Any CPU
		{E6366EA2-9F10-4092-9A0D-C5285DC3FADB}.Debug|Any CPU.ActiveCfg = Debug|Any CPU
		{E6366EA2-9F10-4092-9A0D-C5285DC3FADB}.Debug|Any CPU.Build.0 = Debug|Any CPU
		{E6366EA2-9F10-4092-9A0D-C5285DC3FADB}.Release|Any CPU.ActiveCfg = Release|Any CPU
		{E6366EA2-9F10-4092-9A0D-C5285DC3FADB}.Release|Any CPU.Build.0 = Release|Any CPU
		{71599688-5F9E-4947-82F1-467279593947}.Debug|Any CPU.ActiveCfg = Debug|Any CPU
		{71599688-5F9E-4947-82F1-467279593947}.Debug|Any CPU.Build.0 = Debug|Any CPU
		{71599688-5F9E-4947-82F1-467279593947}.Release|Any CPU.ActiveCfg = Release|Any CPU
		{71599688-5F9E-4947-82F1-467279593947}.Release|Any CPU.Build.0 = Release|Any CPU
		{6044F65E-CC5D-42C5-A165-6B0C30632258}.Debug|Any CPU.ActiveCfg = Debug|Any CPU
		{6044F65E-CC5D-42C5-A165-6B0C30632258}.Debug|Any CPU.Build.0 = Debug|Any CPU
		{6044F65E-CC5D-42C5-A165-6B0C30632258}.Release|Any CPU.ActiveCfg = Release|Any CPU
		{6044F65E-CC5D-42C5-A165-6B0C30632258}.Release|Any CPU.Build.0 = Release|Any CPU
		{FAFD18E2-FE65-48A0-AEF7-AB1165BCA4CE}.Debug|Any CPU.ActiveCfg = Debug|Any CPU
		{FAFD18E2-FE65-48A0-AEF7-AB1165BCA4CE}.Debug|Any CPU.Build.0 = Debug|Any CPU
		{FAFD18E2-FE65-48A0-AEF7-AB1165BCA4CE}.Release|Any CPU.ActiveCfg = Release|Any CPU
		{FAFD18E2-FE65-48A0-AEF7-AB1165BCA4CE}.Release|Any CPU.Build.0 = Release|Any CPU
	EndGlobalSection
	GlobalSection(SolutionProperties) = preSolution
		HideSolutionNode = FALSE
	EndGlobalSection
	GlobalSection(NestedProjects) = preSolution
		{1AD4987D-B263-4133-9763-5FBCDBF6DF19} = {BA4A6814-6A58-463F-8530-56DF5ED39233}
		{989C81A5-E4D8-41AB-B54C-2118B8A2372C} = {E58923FD-66FF-49A3-AF2D-D96F3B806B81}
		{883EAF73-5803-4C06-B06B-452132A3A420} = {C66100D5-7C81-4FE0-B25B-F20882B0981F}
		{A96E455C-AA1C-4455-9323-0BA71D3802B9} = {96525EB0-5502-4334-860C-E22CF610ABF8}
		{C775E496-65D9-4D89-AD33-B27339C71FCD} = {A96E455C-AA1C-4455-9323-0BA71D3802B9}
		{A357A720-FBA4-4EC9-A00B-1B117F44CE2F} = {A96E455C-AA1C-4455-9323-0BA71D3802B9}
		{AB1F849C-EACA-4BC5-8EEE-33E7745C9641} = {A96E455C-AA1C-4455-9323-0BA71D3802B9}
		{B4294BBE-A4CD-4401-B885-22426FAA2487} = {A96E455C-AA1C-4455-9323-0BA71D3802B9}
		{E6366EA2-9F10-4092-9A0D-C5285DC3FADB} = {C775E496-65D9-4D89-AD33-B27339C71FCD}
		{71599688-5F9E-4947-82F1-467279593947} = {A357A720-FBA4-4EC9-A00B-1B117F44CE2F}
		{6044F65E-CC5D-42C5-A165-6B0C30632258} = {AB1F849C-EACA-4BC5-8EEE-33E7745C9641}
		{FAFD18E2-FE65-48A0-AEF7-AB1165BCA4CE} = {B4294BBE-A4CD-4401-B885-22426FAA2487}
	EndGlobalSection
	GlobalSection(ExtensibilityGlobals) = postSolution
		SolutionGuid = {2BADD820-6491-49F3-BA3A-0DD32EC2260C}
	EndGlobalSection
EndGlobal
